
Microsoft Visual Studio Solution File, Format Version 12.00
# Visual Studio 15
VisualStudioVersion = 15.0.28307.539
MinimumVisualStudioVersion = 10.0.40219.1
Project("{FAE04EC0-301F-11D3-BF4B-00C04F79EFBC}") = "YouHuo", "YouHuo\YouHuo.csproj", "{FC54D86D-3AE3-4586-89F3-F3754D69D44A}"
EndProject
Global
	GlobalSection(SolutionConfigurationPlatforms) = preSolution
		Debug|Any CPU = Debug|Any CPU
		Release|Any CPU = Release|Any CPU
	EndGlobalSection
	GlobalSection(ProjectConfigurationPlatforms) = postSolution
		{FC54D86D-3AE3-4586-89F3-F3754D69D44A}.Debug|Any CPU.ActiveCfg = Debug|Any CPU
		{FC54D86D-3AE3-4586-89F3-F3754D69D44A}.Debug|Any CPU.Build.0 = Debug|Any CPU
		{FC54D86D-3AE3-4586-89F3-F3754D69D44A}.Release|Any CPU.ActiveCfg = Release|Any CPU
		{FC54D86D-3AE3-4586-89F3-F3754D69D44A}.Release|Any CPU.Build.0 = Release|Any CPU
	EndGlobalSection
	GlobalSection(SolutionProperties) = preSolution
		HideSolutionNode = FALSE
	EndGlobalSection
	GlobalSection(ExtensibilityGlobals) = postSolution
		SolutionGuid = {5BB1F85A-7A9D-4F28-988B-FB7B47C4DBFB}
	EndGlobalSection
EndGlobal
